
Microsoft Visual Studio Solution File, Format Version 12.00
# Visual Studio 15
VisualStudioVersion = 15.0.27703.2026
MinimumVisualStudioVersion = 10.0.40219.1
Project("{9A19103F-16F7-4668-BE54-9A1E7A4F7556}") = "Graph", "Graph\Graph.csproj", "{8238C6CC-83D9-42C6-8833-0881144C53F6}"
EndProject
Project("{FAE04EC0-301F-11D3-BF4B-00C04F79EFBC}") = "XUnitTestGraphs", "XUnitTestGraphs\XUnitTestGraphs.csproj", "{EC196DCB-CF19-4657-A664-D223E4E75621}"
EndProject
Global
	GlobalSection(SolutionConfigurationPlatforms) = preSolution
		Debug|Any CPU = Debug|Any CPU
		Release|Any CPU = Release|Any CPU
	EndGlobalSection
	GlobalSection(ProjectConfigurationPlatforms) = postSolution
		{8238C6CC-83D9-42C6-8833-0881144C53F6}.Debug|Any CPU.ActiveCfg = Debug|Any CPU
		{8238C6CC-83D9-42C6-8833-0881144C53F6}.Debug|Any CPU.Build.0 = Debug|Any CPU
		{8238C6CC-83D9-42C6-8833-0881144C53F6}.Release|Any CPU.ActiveCfg = Release|Any CPU
		{8238C6CC-83D9-42C6-8833-0881144C53F6}.Release|Any CPU.Build.0 = Release|Any CPU
		{EC196DCB-CF19-4657-A664-D223E4E75621}.Debug|Any CPU.ActiveCfg = Debug|Any CPU
		{EC196DCB-CF19-4657-A664-D223E4E75621}.Debug|Any CPU.Build.0 = Debug|Any CPU
		{EC196DCB-CF19-4657-A664-D223E4E75621}.Release|Any CPU.ActiveCfg = Release|Any CPU
		{EC196DCB-CF19-4657-A664-D223E4E75621}.Release|Any CPU.Build.0 = Release|Any CPU
	EndGlobalSection
	GlobalSection(SolutionProperties) = preSolution
		HideSolutionNode = FALSE
	EndGlobalSection
	GlobalSection(ExtensibilityGlobals) = postSolution
		SolutionGuid = {534BFDF9-DB53-4C75-B23E-64C2F5EA9CDA}
	EndGlobalSection
EndGlobal
